
Microsoft Visual Studio Solution File, Format Version 12.00
# Visual Studio 15
VisualStudioVersion = 15.0.27703.2026
MinimumVisualStudioVersion = 10.0.40219.1
Project("{9A19103F-16F7-4668-BE54-9A1E7A4F7556}") = "Sample.Implementation", "Sample.Implementation\Sample.Implementation.csproj", "{FE6CCDB9-C116-43B7-979B-852B57EAEB93}"
EndProject
Project("{9A19103F-16F7-4668-BE54-9A1E7A4F7556}") = "Sample.ConsoleApp", "Sample.Console\Sample.ConsoleApp.csproj", "{C407E8FA-68F7-462A-987F-B9CE0945B1A2}"
EndProject
Project("{9A19103F-16F7-4668-BE54-9A1E7A4F7556}") = "ChainCommander", "ChainCommander\ChainCommander.csproj", "{9CBDAC32-79DC-40A6-AF94-D67CC1AE4847}"
EndProject
Project("{FAE04EC0-301F-11D3-BF4B-00C04F79EFBC}") = "Sample.Tests", "Sample.Tests\Sample.Tests.csproj", "{7C12B202-33E4-463C-A8AA-D21A488E6EA1}"
EndProject
Global
	GlobalSection(SolutionConfigurationPlatforms) = preSolution
		Debug|Any CPU = Debug|Any CPU
		Release|Any CPU = Release|Any CPU
	EndGlobalSection
	GlobalSection(ProjectConfigurationPlatforms) = postSolution
		{FE6CCDB9-C116-43B7-979B-852B57EAEB93}.Debug|Any CPU.ActiveCfg = Debug|Any CPU
		{FE6CCDB9-C116-43B7-979B-852B57EAEB93}.Debug|Any CPU.Build.0 = Debug|Any CPU
		{FE6CCDB9-C116-43B7-979B-852B57EAEB93}.Release|Any CPU.ActiveCfg = Release|Any CPU
		{FE6CCDB9-C116-43B7-979B-852B57EAEB93}.Release|Any CPU.Build.0 = Release|Any CPU
		{C407E8FA-68F7-462A-987F-B9CE0945B1A2}.Debug|Any CPU.ActiveCfg = Debug|Any CPU
		{C407E8FA-68F7-462A-987F-B9CE0945B1A2}.Debug|Any CPU.Build.0 = Debug|Any CPU
		{C407E8FA-68F7-462A-987F-B9CE0945B1A2}.Release|Any CPU.ActiveCfg = Release|Any CPU
		{C407E8FA-68F7-462A-987F-B9CE0945B1A2}.Release|Any CPU.Build.0 = Release|Any CPU
		{9CBDAC32-79DC-40A6-AF94-D67CC1AE4847}.Debug|Any CPU.ActiveCfg = Debug|Any CPU
		{9CBDAC32-79DC-40A6-AF94-D67CC1AE4847}.Debug|Any CPU.Build.0 = Debug|Any CPU
		{9CBDAC32-79DC-40A6-AF94-D67CC1AE4847}.Release|Any CPU.ActiveCfg = Release|Any CPU
		{9CBDAC32-79DC-40A6-AF94-D67CC1AE4847}.Release|Any CPU.Build.0 = Release|Any CPU
		{7C12B202-33E4-463C-A8AA-D21A488E6EA1}.Debug|Any CPU.ActiveCfg = Debug|Any CPU
		{7C12B202-33E4-463C-A8AA-D21A488E6EA1}.Debug|Any CPU.Build.0 = Debug|Any CPU
		{7C12B202-33E4-463C-A8AA-D21A488E6EA1}.Release|Any CPU.ActiveCfg = Release|Any CPU
		{7C12B202-33E4-463C-A8AA-D21A488E6EA1}.Release|Any CPU.Build.0 = Release|Any CPU
	EndGlobalSection
	GlobalSection(SolutionProperties) = preSolution
		HideSolutionNode = FALSE
	EndGlobalSection
	GlobalSection(ExtensibilityGlobals) = postSolution
		SolutionGuid = {2BC1E5BD-99B3-4048-AC8C-D023EFF2C8CD}
	EndGlobalSection
EndGlobal
